
Microsoft Visual Studio Solution File, Format Version 12.00
# Visual Studio 16
Project("{FAE04EC0-301F-11D3-BF4B-00C04F79EFBC}") = "Assembly-CSharp", "Assembly-CSharp.csproj", "{CF711364-C23C-39E3-8941-8FC309A0BFAA}"
EndProject
Global
	GlobalSection(SolutionConfigurationPlatforms) = preSolution
		Debug|Any CPU = Debug|Any CPU
		Release|Any CPU = Release|Any CPU
	EndGlobalSection
	GlobalSection(ProjectConfigurationPlatforms) = postSolution
		{CF711364-C23C-39E3-8941-8FC309A0BFAA}.Debug|Any CPU.ActiveCfg = Debug|Any CPU
		{CF711364-C23C-39E3-8941-8FC309A0BFAA}.Debug|Any CPU.Build.0 = Debug|Any CPU
		{CF711364-C23C-39E3-8941-8FC309A0BFAA}.Release|Any CPU.ActiveCfg = Release|Any CPU
		{CF711364-C23C-39E3-8941-8FC309A0BFAA}.Release|Any CPU.Build.0 = Release|Any CPU
	EndGlobalSection
	GlobalSection(SolutionProperties) = preSolution
		HideSolutionNode = FALSE
	EndGlobalSection
EndGlobal
